
Microsoft Visual Studio Solution File, Format Version 12.00
# Visual Studio Version 17
VisualStudioVersion = 17.5.002.0
MinimumVisualStudioVersion = 10.0.40219.1
Project("{9A19103F-16F7-4668-BE54-9A1E7A4F7556}") = "CS1400-finalProject-starlink200", "CS1400-finalProject-starlink200.csproj", "{0382F9EF-D713-4710-87FF-406B6451F327}"
EndProject
Global
	GlobalSection(SolutionConfigurationPlatforms) = preSolution
		Debug|Any CPU = Debug|Any CPU
		Release|Any CPU = Release|Any CPU
	EndGlobalSection
	GlobalSection(ProjectConfigurationPlatforms) = postSolution
		{0382F9EF-D713-4710-87FF-406B6451F327}.Debug|Any CPU.ActiveCfg = Debug|Any CPU
		{0382F9EF-D713-4710-87FF-406B6451F327}.Debug|Any CPU.Build.0 = Debug|Any CPU
		{0382F9EF-D713-4710-87FF-406B6451F327}.Release|Any CPU.ActiveCfg = Release|Any CPU
		{0382F9EF-D713-4710-87FF-406B6451F327}.Release|Any CPU.Build.0 = Release|Any CPU
	EndGlobalSection
	GlobalSection(SolutionProperties) = preSolution
		HideSolutionNode = FALSE
	EndGlobalSection
	GlobalSection(ExtensibilityGlobals) = postSolution
		SolutionGuid = {2E481D52-E3C1-4BD5-9890-CD1687FC3AA1}
	EndGlobalSection
EndGlobal
